
Microsoft Visual Studio Solution File, Format Version 12.00
# Visual Studio Version 16
VisualStudioVersion = 16.0.30907.101
MinimumVisualStudioVersion = 10.0.40219.1
Project("{2150E333-8FDC-42A3-9474-1A3956D46DE8}") = "Services", "Services", "{33E2A55B-01E2-478D-AA7E-47B8939B457A}"
EndProject
Project("{2150E333-8FDC-42A3-9474-1A3956D46DE8}") = "Catalog", "Catalog", "{880EB45A-1E35-4690-B351-FAA9119C14EB}"
EndProject
Project("{9A19103F-16F7-4668-BE54-9A1E7A4F7556}") = "Catalog.API", "Services\Catalog\Catalog.API\Catalog.API.csproj", "{B949F6B1-E711-4080-A945-E59E2161A286}"
EndProject
Project("{E53339B2-1760-4266-BCC7-CA923CBCF16C}") = "docker-compose", "docker-compose.dcproj", "{9E45F5C4-B490-4472-B4BE-CF817322FEFF}"
EndProject
Project("{2150E333-8FDC-42A3-9474-1A3956D46DE8}") = "Basket", "Basket", "{CE30A428-840E-4589-A3C0-D5DC034DE080}"
EndProject
Project("{9A19103F-16F7-4668-BE54-9A1E7A4F7556}") = "Basket.API", "Services\Basket\Basket.API\Basket.API.csproj", "{7BF9A2FF-208A-4DBE-949C-94E95735A4FF}"
EndProject
Project("{2150E333-8FDC-42A3-9474-1A3956D46DE8}") = "Discount", "Discount", "{D1E1ED82-5ADC-4BE1-A397-B54875254851}"
EndProject
Project("{9A19103F-16F7-4668-BE54-9A1E7A4F7556}") = "Discount.API", "Services\Discount\Discount.API\Discount.API.csproj", "{99FB4C97-2F1F-4E4C-9E61-5A3840A1C588}"
EndProject
Project("{9A19103F-16F7-4668-BE54-9A1E7A4F7556}") = "Discount.Grpc", "Services\Discount\Discount.Grpc\Discount.Grpc.csproj", "{2D365BCA-2524-4EEE-B9F5-F1617348EA33}"
EndProject
Project("{2150E333-8FDC-42A3-9474-1A3956D46DE8}") = "Ordering", "Ordering", "{2DA67B94-6B9C-4667-87B6-94CEC7D08001}"
EndProject
Project("{9A19103F-16F7-4668-BE54-9A1E7A4F7556}") = "Ordering.API", "Services\Ordering\Ordering.API\Ordering.API.csproj", "{B133F973-CB13-40FA-85EF-026F424F854A}"
EndProject
Project("{9A19103F-16F7-4668-BE54-9A1E7A4F7556}") = "Ordering.Domain", "Services\Ordering\Ordering.Domain\Ordering.Domain.csproj", "{3AA3A14B-F2C1-4CB7-873B-19D8245C0534}"
EndProject
Project("{9A19103F-16F7-4668-BE54-9A1E7A4F7556}") = "Ordering.Application", "Services\Ordering\Ordering.Application\Ordering.Application.csproj", "{8733D32D-9B49-4DB4-9DFD-D1656C47A47D}"
EndProject
Project("{9A19103F-16F7-4668-BE54-9A1E7A4F7556}") = "Ordering.Infrastructure", "Services\Ordering\Ordering.Infrastructure\Ordering.Infrastructure.csproj", "{F97D7CAF-25E1-4983-8F47-FDB2867F0CD7}"
EndProject
Project("{2150E333-8FDC-42A3-9474-1A3956D46DE8}") = "BuildingBlocks", "BuildingBlocks", "{D821B605-4F91-4DE9-9ACC-D1BB3508FD87}"
EndProject
Project("{9A19103F-16F7-4668-BE54-9A1E7A4F7556}") = "EventBus.Messages", "BuildingBlocks\EventBus.Messages\EventBus.Messages.csproj", "{39EDE4E0-97FA-47BA-9F52-B661AC78C915}"
EndProject
Project("{2150E333-8FDC-42A3-9474-1A3956D46DE8}") = "ApiGateways", "ApiGateways", "{05ED05DB-3350-4CE9-9A26-1DC503D681A7}"
EndProject
Global
	GlobalSection(SolutionConfigurationPlatforms) = preSolution
		Debug|Any CPU = Debug|Any CPU
		Release|Any CPU = Release|Any CPU
	EndGlobalSection
	GlobalSection(ProjectConfigurationPlatforms) = postSolution
		{B949F6B1-E711-4080-A945-E59E2161A286}.Debug|Any CPU.ActiveCfg = Debug|Any CPU
		{B949F6B1-E711-4080-A945-E59E2161A286}.Debug|Any CPU.Build.0 = Debug|Any CPU
		{B949F6B1-E711-4080-A945-E59E2161A286}.Release|Any CPU.ActiveCfg = Release|Any CPU
		{B949F6B1-E711-4080-A945-E59E2161A286}.Release|Any CPU.Build.0 = Release|Any CPU
		{9E45F5C4-B490-4472-B4BE-CF817322FEFF}.Debug|Any CPU.ActiveCfg = Debug|Any CPU
		{9E45F5C4-B490-4472-B4BE-CF817322FEFF}.Debug|Any CPU.Build.0 = Debug|Any CPU
		{9E45F5C4-B490-4472-B4BE-CF817322FEFF}.Release|Any CPU.ActiveCfg = Release|Any CPU
		{9E45F5C4-B490-4472-B4BE-CF817322FEFF}.Release|Any CPU.Build.0 = Release|Any CPU
		{7BF9A2FF-208A-4DBE-949C-94E95735A4FF}.Debug|Any CPU.ActiveCfg = Debug|Any CPU
		{7BF9A2FF-208A-4DBE-949C-94E95735A4FF}.Debug|Any CPU.Build.0 = Debug|Any CPU
		{7BF9A2FF-208A-4DBE-949C-94E95735A4FF}.Release|Any CPU.ActiveCfg = Release|Any CPU
		{7BF9A2FF-208A-4DBE-949C-94E95735A4FF}.Release|Any CPU.Build.0 = Release|Any CPU
		{99FB4C97-2F1F-4E4C-9E61-5A3840A1C588}.Debug|Any CPU.ActiveCfg = Debug|Any CPU
		{99FB4C97-2F1F-4E4C-9E61-5A3840A1C588}.Debug|Any CPU.Build.0 = Debug|Any CPU
		{99FB4C97-2F1F-4E4C-9E61-5A3840A1C588}.Release|Any CPU.ActiveCfg = Release|Any CPU
		{99FB4C97-2F1F-4E4C-9E61-5A3840A1C588}.Release|Any CPU.Build.0 = Release|Any CPU
		{2D365BCA-2524-4EEE-B9F5-F1617348EA33}.Debug|Any CPU.ActiveCfg = Debug|Any CPU
		{2D365BCA-2524-4EEE-B9F5-F1617348EA33}.Debug|Any CPU.Build.0 = Debug|Any CPU
		{2D365BCA-2524-4EEE-B9F5-F1617348EA33}.Release|Any CPU.ActiveCfg = Release|Any CPU
		{2D365BCA-2524-4EEE-B9F5-F1617348EA33}.Release|Any CPU.Build.0 = Release|Any CPU
		{B133F973-CB13-40FA-85EF-026F424F854A}.Debug|Any CPU.ActiveCfg = Debug|Any CPU
		{B133F973-CB13-40FA-85EF-026F424F854A}.Debug|Any CPU.Build.0 = Debug|Any CPU
		{B133F973-CB13-40FA-85EF-026F424F854A}.Release|Any CPU.ActiveCfg = Release|Any CPU
		{B133F973-CB13-40FA-85EF-026F424F854A}.Release|Any CPU.Build.0 = Release|Any CPU
		{3AA3A14B-F2C1-4CB7-873B-19D8245C0534}.Debug|Any CPU.ActiveCfg = Debug|Any CPU
		{3AA3A14B-F2C1-4CB7-873B-19D8245C0534}.Debug|Any CPU.Build.0 = Debug|Any CPU
		{3AA3A14B-F2C1-4CB7-873B-19D8245C0534}.Release|Any CPU.ActiveCfg = Release|Any CPU
		{3AA3A14B-F2C1-4CB7-873B-19D8245C0534}.Release|Any CPU.Build.0 = Release|Any CPU
		{8733D32D-9B49-4DB4-9DFD-D1656C47A47D}.Debug|Any CPU.ActiveCfg = Debug|Any CPU
		{8733D32D-9B49-4DB4-9DFD-D1656C47A47D}.Debug|Any CPU.Build.0 = Debug|Any CPU
		{8733D32D-9B49-4DB4-9DFD-D1656C47A47D}.Release|Any CPU.ActiveCfg = Release|Any CPU
		{8733D32D-9B49-4DB4-9DFD-D1656C47A47D}.Release|Any CPU.Build.0 = Release|Any CPU
		{F97D7CAF-25E1-4983-8F47-FDB2867F0CD7}.Debug|Any CPU.ActiveCfg = Debug|Any CPU
		{F97D7CAF-25E1-4983-8F47-FDB2867F0CD7}.Debug|Any CPU.Build.0 = Debug|Any CPU
		{F97D7CAF-25E1-4983-8F47-FDB2867F0CD7}.Release|Any CPU.ActiveCfg = Release|Any CPU
		{F97D7CAF-25E1-4983-8F47-FDB2867F0CD7}.Release|Any CPU.Build.0 = Release|Any CPU
		{39EDE4E0-97FA-47BA-9F52-B661AC78C915}.Debug|Any CPU.ActiveCfg = Debug|Any CPU
		{39EDE4E0-97FA-47BA-9F52-B661AC78C915}.Debug|Any CPU.Build.0 = Debug|Any CPU
		{39EDE4E0-97FA-47BA-9F52-B661AC78C915}.Release|Any CPU.ActiveCfg = Release|Any CPU
		{39EDE4E0-97FA-47BA-9F52-B661AC78C915}.Release|Any CPU.Build.0 = Release|Any CPU
	EndGlobalSection
	GlobalSection(SolutionProperties) = preSolution
		HideSolutionNode = FALSE
	EndGlobalSection
	GlobalSection(NestedProjects) = preSolution
		{880EB45A-1E35-4690-B351-FAA9119C14EB} = {33E2A55B-01E2-478D-AA7E-47B8939B457A}
		{B949F6B1-E711-4080-A945-E59E2161A286} = {880EB45A-1E35-4690-B351-FAA9119C14EB}
		{CE30A428-840E-4589-A3C0-D5DC034DE080} = {33E2A55B-01E2-478D-AA7E-47B8939B457A}
		{7BF9A2FF-208A-4DBE-949C-94E95735A4FF} = {CE30A428-840E-4589-A3C0-D5DC034DE080}
		{D1E1ED82-5ADC-4BE1-A397-B54875254851} = {33E2A55B-01E2-478D-AA7E-47B8939B457A}
		{99FB4C97-2F1F-4E4C-9E61-5A3840A1C588} = {D1E1ED82-5ADC-4BE1-A397-B54875254851}
		{2D365BCA-2524-4EEE-B9F5-F1617348EA33} = {D1E1ED82-5ADC-4BE1-A397-B54875254851}
		{2DA67B94-6B9C-4667-87B6-94CEC7D08001} = {33E2A55B-01E2-478D-AA7E-47B8939B457A}
		{B133F973-CB13-40FA-85EF-026F424F854A} = {2DA67B94-6B9C-4667-87B6-94CEC7D08001}
		{3AA3A14B-F2C1-4CB7-873B-19D8245C0534} = {2DA67B94-6B9C-4667-87B6-94CEC7D08001}
		{8733D32D-9B49-4DB4-9DFD-D1656C47A47D} = {2DA67B94-6B9C-4667-87B6-94CEC7D08001}
		{F97D7CAF-25E1-4983-8F47-FDB2867F0CD7} = {2DA67B94-6B9C-4667-87B6-94CEC7D08001}
		{39EDE4E0-97FA-47BA-9F52-B661AC78C915} = {D821B605-4F91-4DE9-9ACC-D1BB3508FD87}
	EndGlobalSection
	GlobalSection(ExtensibilityGlobals) = postSolution
		SolutionGuid = {488AEAB8-B5DB-4BB1-8C00-F849D99AF954}
	EndGlobalSection
EndGlobal
